// !$*UTF8*$!
{
	archiveVersion = 1;
	classes = {
	};
	objectVersion = 48;
	objects = {

/* Begin PBXBuildFile section */
		2C94C69C206C2F85007A3D02 /* QuoteBuilderViewController.swift in Sources */ = {isa = PBXBuildFile; fileRef = 2C94C69B206C2F85007A3D02 /* QuoteBuilderViewController.swift */; };
		2C94C69E206C3922007A3D02 /* QuoteTableViewCell.swift in Sources */ = {isa = PBXBuildFile; fileRef = 2C94C69D206C3922007A3D02 /* QuoteTableViewCell.swift */; };
		2CDA4791206C1E3C0048827B /* AppDelegate.swift in Sources */ = {isa = PBXBuildFile; fileRef = 2CDA4790206C1E3C0048827B /* AppDelegate.swift */; };
		2CDA4793206C1E3C0048827B /* HomeViewController.swift in Sources */ = {isa = PBXBuildFile; fileRef = 2CDA4792206C1E3C0048827B /* HomeViewController.swift */; };
		2CDA4796206C1E3C0048827B /* Main.storyboard in Resources */ = {isa = PBXBuildFile; fileRef = 2CDA4794206C1E3C0048827B /* Main.storyboard */; };
		2CDA4798206C1E3C0048827B /* Assets.xcassets in Resources */ = {isa = PBXBuildFile; fileRef = 2CDA4797206C1E3C0048827B /* Assets.xcassets */; };
		2CDA479B206C1E3C0048827B /* LaunchScreen.storyboard in Resources */ = {isa = PBXBuildFile; fileRef = 2CDA4799206C1E3C0048827B /* LaunchScreen.storyboard */; };
		2CDA47A3206C26910048827B /* Quote.swift in Sources */ = {isa = PBXBuildFile; fileRef = 2CDA47A2206C26910048827B /* Quote.swift */; };
		2CDA47A5206C269C0048827B /* Photo.swift in Sources */ = {isa = PBXBuildFile; fileRef = 2CDA47A4206C269C0048827B /* Photo.swift */; };
		87640805B5C698AD27806FC8 /* Pods_QuotePro.framework in Frameworks */ = {isa = PBXBuildFile; fileRef = 94D9DB92776E48C5750654D1 /* Pods_QuotePro.framework */; };
/* End PBXBuildFile section */

/* Begin PBXFileReference section */
		2C94C69B206C2F85007A3D02 /* QuoteBuilderViewController.swift */ = {isa = PBXFileReference; lastKnownFileType = sourcecode.swift; path = QuoteBuilderViewController.swift; sourceTree = "<group>"; };
		2C94C69D206C3922007A3D02 /* QuoteTableViewCell.swift */ = {isa = PBXFileReference; lastKnownFileType = sourcecode.swift; path = QuoteTableViewCell.swift; sourceTree = "<group>"; };
		2CDA478D206C1E3C0048827B /* QuotePro.app */ = {isa = PBXFileReference; explicitFileType = wrapper.application; includeInIndex = 0; path = QuotePro.app; sourceTree = BUILT_PRODUCTS_DIR; };
		2CDA4790206C1E3C0048827B /* AppDelegate.swift */ = {isa = PBXFileReference; lastKnownFileType = sourcecode.swift; path = AppDelegate.swift; sourceTree = "<group>"; };
		2CDA4792206C1E3C0048827B /* HomeViewController.swift */ = {isa = PBXFileReference; lastKnownFileType = sourcecode.swift; path = HomeViewController.swift; sourceTree = "<group>"; };
		2CDA4795206C1E3C0048827B /* Base */ = {isa = PBXFileReference; lastKnownFileType = file.storyboard; name = Base; path = Base.lproj/Main.storyboard; sourceTree = "<group>"; };
		2CDA4797206C1E3C0048827B /* Assets.xcassets */ = {isa = PBXFileReference; lastKnownFileType = folder.assetcatalog; path = Assets.xcassets; sourceTree = "<group>"; };
		2CDA479A206C1E3C0048827B /* Base */ = {isa = PBXFileReference; lastKnownFileType = file.storyboard; name = Base; path = Base.lproj/LaunchScreen.storyboard; sourceTree = "<group>"; };
		2CDA479C206C1E3C0048827B /* Info.plist */ = {isa = PBXFileReference; lastKnownFileType = text.plist.xml; path = Info.plist; sourceTree = "<group>"; };
		2CDA47A2206C26910048827B /* Quote.swift */ = {isa = PBXFileReference; lastKnownFileType = sourcecode.swift; path = Quote.swift; sourceTree = "<group>"; };
		2CDA47A4206C269C0048827B /* Photo.swift */ = {isa = PBXFileReference; lastKnownFileType = sourcecode.swift; path = Photo.swift; sourceTree = "<group>"; };
		94D9DB92776E48C5750654D1 /* Pods_QuotePro.framework */ = {isa = PBXFileReference; explicitFileType = wrapper.framework; includeInIndex = 0; path = Pods_QuotePro.framework; sourceTree = BUILT_PRODUCTS_DIR; };
		C376338D28C1DD790154EB58 /* Pods-QuotePro.release.xcconfig */ = {isa = PBXFileReference; includeInIndex = 1; lastKnownFileType = text.xcconfig; name = "Pods-QuotePro.release.xcconfig"; path = "Pods/Target Support Files/Pods-QuotePro/Pods-QuotePro.release.xcconfig"; sourceTree = "<group>"; };
		FD59B3089770FC9488DAD3A4 /* Pods-QuotePro.debug.xcconfig */ = {isa = PBXFileReference; includeInIndex = 1; lastKnownFileType = text.xcconfig; name = "Pods-QuotePro.debug.xcconfig"; path = "Pods/Target Support Files/Pods-QuotePro/Pods-QuotePro.debug.xcconfig"; sourceTree = "<group>"; };
/* End PBXFileReference section */

/* Begin PBXFrameworksBuildPhase section */
		2CDA478A206C1E3C0048827B /* Frameworks */ = {
			isa = PBXFrameworksBuildPhase;
			buildActionMask = 2147483647;
			files = (
				87640805B5C698AD27806FC8 /* Pods_QuotePro.framework in Frameworks */,
			);
			runOnlyForDeploymentPostprocessing = 0;
		};
/* End PBXFrameworksBuildPhase section */

/* Begin PBXGroup section */
		0C9AD02ADD8E2EF18621B4B2 /* Frameworks */ = {
			isa = PBXGroup;
			children = (
				94D9DB92776E48C5750654D1 /* Pods_QuotePro.framework */,
			);
			name = Frameworks;
			sourceTree = "<group>";
		};
		2CDA4784206C1E3C0048827B = {
			isa = PBXGroup;
			children = (
				2CDA478F206C1E3C0048827B /* QuotePro */,
				2CDA478E206C1E3C0048827B /* Products */,
				3CE2BB42052AF290920C45F8 /* Pods */,
				0C9AD02ADD8E2EF18621B4B2 /* Frameworks */,
			);
			sourceTree = "<group>";
		};
		2CDA478E206C1E3C0048827B /* Products */ = {
			isa = PBXGroup;
			children = (
				2CDA478D206C1E3C0048827B /* QuotePro.app */,
			);
			name = Products;
			sourceTree = "<group>";
		};
		2CDA478F206C1E3C0048827B /* QuotePro */ = {
			isa = PBXGroup;
			children = (
				2CDA4790206C1E3C0048827B /* AppDelegate.swift */,
				2CDA47A2206C26910048827B /* Quote.swift */,
				2CDA47A4206C269C0048827B /* Photo.swift */,
				2CDA4792206C1E3C0048827B /* HomeViewController.swift */,
				2C94C69B206C2F85007A3D02 /* QuoteBuilderViewController.swift */,
				2C94C69D206C3922007A3D02 /* QuoteTableViewCell.swift */,
				2CDA4794206C1E3C0048827B /* Main.storyboard */,
				2CDA4797206C1E3C0048827B /* Assets.xcassets */,
				2CDA4799206C1E3C0048827B /* LaunchScreen.storyboard */,
				2CDA479C206C1E3C0048827B /* Info.plist */,
			);
			path = QuotePro;
			sourceTree = "<group>";
		};
		3CE2BB42052AF290920C45F8 /* Pods */ = {
			isa = PBXGroup;
			children = (
				FD59B3089770FC9488DAD3A4 /* Pods-QuotePro.debug.xcconfig */,
				C376338D28C1DD790154EB58 /* Pods-QuotePro.release.xcconfig */,
			);
			name = Pods;
			sourceTree = "<group>";
		};
/* End PBXGroup section */

/* Begin PBXNativeTarget section */
		2CDA478C206C1E3C0048827B /* QuotePro */ = {
			isa = PBXNativeTarget;
			buildConfigurationList = 2CDA479F206C1E3C0048827B /* Build configuration list for PBXNativeTarget "QuotePro" */;
			buildPhases = (
				067FE08B89B715DFDCDACC71 /* [CP] Check Pods Manifest.lock */,
				2CDA4789206C1E3C0048827B /* Sources */,
				2CDA478A206C1E3C0048827B /* Frameworks */,
				2CDA478B206C1E3C0048827B /* Resources */,
				3A1FE52524071F22E9AD9CC8 /* [CP] Embed Pods Frameworks */,
				B74626A9FC7566C7D3657D2D /* [CP] Copy Pods Resources */,
			);
			buildRules = (
			);
			dependencies = (
			);
			name = QuotePro;
			productName = QuotePro;
			productReference = 2CDA478D206C1E3C0048827B /* QuotePro.app */;
			productType = "com.apple.product-type.application";
		};
/* End PBXNativeTarget section */

/* Begin PBXProject section */
		2CDA4785206C1E3C0048827B /* Project object */ = {
			isa = PBXProject;
			attributes = {
				LastSwiftUpdateCheck = 0920;
				LastUpgradeCheck = 0920;
				ORGANIZATIONNAME = KevinT;
				TargetAttributes = {
					2CDA478C206C1E3C0048827B = {
						CreatedOnToolsVersion = 9.2;
						ProvisioningStyle = Automatic;
					};
				};
			};
			buildConfigurationList = 2CDA4788206C1E3C0048827B /* Build configuration list for PBXProject "QuotePro" */;
			compatibilityVersion = "Xcode 8.0";
			developmentRegion = en;
			hasScannedForEncodings = 0;
			knownRegions = (
				en,
				Base,
			);
			mainGroup = 2CDA4784206C1E3C0048827B;
			productRefGroup = 2CDA478E206C1E3C0048827B /* Products */;
			projectDirPath = "";
			projectRoot = "";
			targets = (
				2CDA478C206C1E3C0048827B /* QuotePro */,
			);
		};
/* End PBXProject section */

/* Begin PBXResourcesBuildPhase section */
		2CDA478B206C1E3C0048827B /* Resources */ = {
			isa = PBXResourcesBuildPhase;
			buildActionMask = 2147483647;
			files = (
				2CDA479B206C1E3C0048827B /* LaunchScreen.storyboard in Resources */,
				2CDA4798206C1E3C0048827B /* Assets.xcassets in Resources */,
				2CDA4796206C1E3C0048827B /* Main.storyboard in Resources */,
			);
			runOnlyForDeploymentPostprocessing = 0;
		};
/* End PBXResourcesBuildPhase section */

/* Begin PBXShellScriptBuildPhase section */
		067FE08B89B715DFDCDACC71 /* [CP] Check Pods Manifest.lock */ = {
			isa = PBXShellScriptBuildPhase;
			buildActionMask = 2147483647;
			files = (
			);
			inputPaths = (
				"${PODS_PODFILE_DIR_PATH}/Podfile.lock",
				"${PODS_ROOT}/Manifest.lock",
			);
			name = "[CP] Check Pods Manifest.lock";
			outputPaths = (
				"$(DERIVED_FILE_DIR)/Pods-QuotePro-checkManifestLockResult.txt",
			);
			runOnlyForDeploymentPostprocessing = 0;
			shellPath = /bin/sh;
			shellScript = "diff \"${PODS_PODFILE_DIR_PATH}/Podfile.lock\" \"${PODS_ROOT}/Manifest.lock\" > /dev/null\nif [ $? != 0 ] ; then\n    # print error to STDERR\n    echo \"error: The sandbox is not in sync with the Podfile.lock. Run 'pod install' or update your CocoaPods installation.\" >&2\n    exit 1\nfi\n# This output is used by Xcode 'outputs' to avoid re-running this script phase.\necho \"SUCCESS\" > \"${SCRIPT_OUTPUT_FILE_0}\"\n";
			showEnvVarsInLog = 0;
		};
		3A1FE52524071F22E9AD9CC8 /* [CP] Embed Pods Frameworks */ = {
			isa = PBXShellScriptBuildPhase;
			buildActionMask = 2147483647;
			files = (
			);
			inputPaths = (
				"${SRCROOT}/Pods/Target Support Files/Pods-QuotePro/Pods-QuotePro-frameworks.sh",
				"${BUILT_PRODUCTS_DIR}/Nuke/Nuke.framework",
			);
			name = "[CP] Embed Pods Frameworks";
			outputPaths = (
				"${TARGET_BUILD_DIR}/${FRAMEWORKS_FOLDER_PATH}/Nuke.framework",
			);
			runOnlyForDeploymentPostprocessing = 0;
			shellPath = /bin/sh;
			shellScript = "\"${SRCROOT}/Pods/Target Support Files/Pods-QuotePro/Pods-QuotePro-frameworks.sh\"\n";
			showEnvVarsInLog = 0;
		};
		B74626A9FC7566C7D3657D2D /* [CP] Copy Pods Resources */ = {
			isa = PBXShellScriptBuildPhase;
			buildActionMask = 2147483647;
			files = (
			);
			inputPaths = (
			);
			name = "[CP] Copy Pods Resources";
			outputPaths = (
			);
			runOnlyForDeploymentPostprocessing = 0;
			shellPath = /bin/sh;
			shellScript = "\"${SRCROOT}/Pods/Target Support Files/Pods-QuotePro/Pods-QuotePro-resources.sh\"\n";
			showEnvVarsInLog = 0;
		};
/* End PBXShellScriptBuildPhase section */

/* Begin PBXSourcesBuildPhase section */
		2CDA4789206C1E3C0048827B /* Sources */ = {
			isa = PBXSourcesBuildPhase;
			buildActionMask = 2147483647;
			files = (
				2C94C69C206C2F85007A3D02 /* QuoteBuilderViewController.swift in Sources */,
				2CDA47A5206C269C0048827B /* Photo.swift in Sources */,
				2C94C69E206C3922007A3D02 /* QuoteTableViewCell.swift in Sources */,
				2CDA4793206C1E3C0048827B /* HomeViewController.swift in Sources */,
				2CDA47A3206C26910048827B /* Quote.swift in Sources */,
				2CDA4791206C1E3C0048827B /* AppDelegate.swift in Sources */,
			);
			runOnlyForDeploymentPostprocessing = 0;
		};
/* End PBXSourcesBuildPhase section */

/* Begin PBXVariantGroup section */
		2CDA4794206C1E3C0048827B /* Main.storyboard */ = {
			isa = PBXVariantGroup;
			children = (
				2CDA4795206C1E3C0048827B /* Base */,
			);
			name = Main.storyboard;
			sourceTree = "<group>";
		};
		2CDA4799206C1E3C0048827B /* LaunchScreen.storyboard */ = {
			isa = PBXVariantGroup;
			children = (
				2CDA479A206C1E3C0048827B /* Base */,
			);
			name = LaunchScreen.storyboard;
			sourceTree = "<group>";
		};
/* End PBXVariantGroup section */

/* Begin XCBuildConfiguration section */
		2CDA479D206C1E3C0048827B /* Debug */ = {
			isa = XCBuildConfiguration;
			buildSettings = {
				ALWAYS_SEARCH_USER_PATHS = NO;
				CLANG_ANALYZER_NONNULL = YES;
				CLANG_ANALYZER_NUMBER_OBJECT_CONVERSION = YES_AGGRESSIVE;
				CLANG_CXX_LANGUAGE_STANDARD = "gnu++14";
				CLANG_CXX_LIBRARY = "libc++";
				CLANG_ENABLE_MODULES = YES;
				CLANG_ENABLE_OBJC_ARC = YES;
				CLANG_WARN_BLOCK_CAPTURE_AUTORELEASING = YES;
				CLANG_WARN_BOOL_CONVERSION = YES;
				CLANG_WARN_COMMA = YES;
				CLANG_WARN_CONSTANT_CONVERSION = YES;
				CLANG_WARN_DIRECT_OBJC_ISA_USAGE = YES_ERROR;
				CLANG_WARN_DOCUMENTATION_COMMENTS = YES;
				CLANG_WARN_EMPTY_BODY = YES;
				CLANG_WARN_ENUM_CONVERSION = YES;
				CLANG_WARN_INFINITE_RECURSION = YES;
				CLANG_WARN_INT_CONVERSION = YES;
				CLANG_WARN_NON_LITERAL_NULL_CONVERSION = YES;
				CLANG_WARN_OBJC_LITERAL_CONVERSION = YES;
				CLANG_WARN_OBJC_ROOT_CLASS = YES_ERROR;
				CLANG_WARN_RANGE_LOOP_ANALYSIS = YES;
				CLANG_WARN_STRICT_PROTOTYPES = YES;
				CLANG_WARN_SUSPICIOUS_MOVE = YES;
				CLANG_WARN_UNGUARDED_AVAILABILITY = YES_AGGRESSIVE;
				CLANG_WARN_UNREACHABLE_CODE = YES;
				CLANG_WARN__DUPLICATE_METHOD_MATCH = YES;
				CODE_SIGN_IDENTITY = "iPhone Developer";
				COPY_PHASE_STRIP = NO;
				DEBUG_INFORMATION_FORMAT = dwarf;
				ENABLE_STRICT_OBJC_MSGSEND = YES;
				ENABLE_TESTABILITY = YES;
				GCC_C_LANGUAGE_STANDARD = gnu11;
				GCC_DYNAMIC_NO_PIC = NO;
				GCC_NO_COMMON_BLOCKS = YES;
				GCC_OPTIMIZATION_LEVEL = 0;
				GCC_PREPROCESSOR_DEFINITIONS = (
					"DEBUG=1",
					"$(inherited)",
				);
				GCC_WARN_64_TO_32_BIT_CONVERSION = YES;
				GCC_WARN_ABOUT_RETURN_TYPE = YES_ERROR;
				GCC_WARN_UNDECLARED_SELECTOR = YES;
				GCC_WARN_UNINITIALIZED_AUTOS = YES_AGGRESSIVE;
				GCC_WARN_UNUSED_FUNCTION = YES;
				GCC_WARN_UNUSED_VARIABLE = YES;
				IPHONEOS_DEPLOYMENT_TARGET = 11.2;
				MTL_ENABLE_DEBUG_INFO = YES;
				ONLY_ACTIVE_ARCH = YES;
				SDKROOT = iphoneos;
				SWIFT_ACTIVE_COMPILATION_CONDITIONS = DEBUG;
				SWIFT_OPTIMIZATION_LEVEL = "-Onone";
			};
			name = Debug;
		};
		2CDA479E206C1E3C0048827B /* Release */ = {
			isa = XCBuildConfiguration;
			buildSettings = {
				ALWAYS_SEARCH_USER_PATHS = NO;
				CLANG_ANALYZER_NONNULL = YES;
				CLANG_ANALYZER_NUMBER_OBJECT_CONVERSION = YES_AGGRESSIVE;
				CLANG_CXX_LANGUAGE_STANDARD = "gnu++14";
				CLANG_CXX_LIBRARY = "libc++";
				CLANG_ENABLE_MODULES = YES;
				CLANG_ENABLE_OBJC_ARC = YES;
				CLANG_WARN_BLOCK_CAPTURE_AUTORELEASING = YES;
				CLANG_WARN_BOOL_CONVERSION = YES;
				CLANG_WARN_COMMA = YES;
				CLANG_WARN_CONSTANT_CONVERSION = YES;
				CLANG_WARN_DIRECT_OBJC_ISA_USAGE = YES_ERROR;
				CLANG_WARN_DOCUMENTATION_COMMENTS = YES;
				CLANG_WARN_EMPTY_BODY = YES;
				CLANG_WARN_ENUM_CONVERSION = YES;
				CLANG_WARN_INFINITE_RECURSION = YES;
				CLANG_WARN_INT_CONVERSION = YES;
				CLANG_WARN_NON_LITERAL_NULL_CONVERSION = YES;
				CLANG_WARN_OBJC_LITERAL_CONVERSION = YES;
				CLANG_WARN_OBJC_ROOT_CLASS = YES_ERROR;
				CLANG_WARN_RANGE_LOOP_ANALYSIS = YES;
				CLANG_WARN_STRICT_PROTOTYPES = YES;
				CLANG_WARN_SUSPICIOUS_MOVE = YES;
				CLANG_WARN_UNGUARDED_AVAILABILITY = YES_AGGRESSIVE;
				CLANG_WARN_UNREACHABLE_CODE = YES;
				CLANG_WARN__DUPLICATE_METHOD_MATCH = YES;
				CODE_SIGN_IDENTITY = "iPhone Developer";
				COPY_PHASE_STRIP = NO;
				DEBUG_INFORMATION_FORMAT = "dwarf-with-dsym";
				ENABLE_NS_ASSERTIONS = NO;
				ENABLE_STRICT_OBJC_MSGSEND = YES;
				GCC_C_LANGUAGE_STANDARD = gnu11;
				GCC_NO_COMMON_BLOCKS = YES;
				GCC_WARN_64_TO_32_BIT_CONVERSION = YES;
				GCC_WARN_ABOUT_RETURN_TYPE = YES_ERROR;
				GCC_WARN_UNDECLARED_SELECTOR = YES;
				GCC_WARN_UNINITIALIZED_AUTOS = YES_AGGRESSIVE;
				GCC_WARN_UNUSED_FUNCTION = YES;
				GCC_WARN_UNUSED_VARIABLE = YES;
				IPHONEOS_DEPLOYMENT_TARGET = 11.2;
				MTL_ENABLE_DEBUG_INFO = NO;
				SDKROOT = iphoneos;
				SWIFT_OPTIMIZATION_LEVEL = "-Owholemodule";
				VALIDATE_PRODUCT = YES;
			};
			name = Release;
		};
		2CDA47A0206C1E3C0048827B /* Debug */ = {
			isa = XCBuildConfiguration;
			baseConfigurationReference = FD59B3089770FC9488DAD3A4 /* Pods-QuotePro.debug.xcconfig */;
			buildSettings = {
				ASSETCATALOG_COMPILER_APPICON_NAME = AppIcon;
				CODE_SIGN_STYLE = Automatic;
				DEVELOPMENT_TEAM = Z443C3M747;
				INFOPLIST_FILE = QuotePro/Info.plist;
				LD_RUNPATH_SEARCH_PATHS = "$(inherited) @executable_path/Frameworks";
				PRODUCT_BUNDLE_IDENTIFIER = kt.QuotePro;
				PRODUCT_NAME = "$(TARGET_NAME)";
				SWIFT_VERSION = 4.0;
				TARGETED_DEVICE_FAMILY = "1,2";
			};
			name = Debug;
		};
		2CDA47A1206C1E3C0048827B /* Release */ = {
			isa = XCBuildConfiguration;
			baseConfigurationReference = C376338D28C1DD790154EB58 /* Pods-QuotePro.release.xcconfig */;
			buildSettings = {
				ASSETCATALOG_COMPILER_APPICON_NAME = AppIcon;
				CODE_SIGN_STYLE = Automatic;
				DEVELOPMENT_TEAM = Z443C3M747;
				INFOPLIST_FILE = QuotePro/Info.plist;
				LD_RUNPATH_SEARCH_PATHS = "$(inherited) @executable_path/Frameworks";
				PRODUCT_BUNDLE_IDENTIFIER = kt.QuotePro;
				PRODUCT_NAME = "$(TARGET_NAME)";
				SWIFT_VERSION = 4.0;
				TARGETED_DEVICE_FAMILY = "1,2";
			};
			name = Release;
		};
/* End XCBuildConfiguration section */

/* Begin XCConfigurationList section */
		2CDA4788206C1E3C0048827B /* Build configuration list for PBXProject "QuotePro" */ = {
			isa = XCConfigurationList;
			buildConfigurations = (
				2CDA479D206C1E3C0048827B /* Debug */,
				2CDA479E206C1E3C0048827B /* Release */,
			);
			defaultConfigurationIsVisible = 0;
			defaultConfigurationName = Release;
		};
		2CDA479F206C1E3C0048827B /* Build configuration list for PBXNativeTarget "QuotePro" */ = {
			isa = XCConfigurationList;
			buildConfigurations = (
				2CDA47A0206C1E3C0048827B /* Debug */,
				2CDA47A1206C1E3C0048827B /* Release */,
			);
			defaultConfigurationIsVisible = 0;
			defaultConfigurationName = Release;
		};
/* End XCConfigurationList section */
	};
	rootObject = 2CDA4785206C1E3C0048827B /* Project object */;
}
